<?xml version="1.0" encoding="utf-8"?>
<Project ToolsVersion="4.0" xmlns="http://schemas.microsoft.com/developer/msbuild/2003">
  <ItemGroup>
    <Filter Include="App">
      <UniqueIdentifier>{b6df835a-2f9b-4ed3-995c-6256001008a9}</UniqueIdentifier>
    </Filter>
    <Filter Include="Scenes">
      <UniqueIdentifier>{ff4716ee-3767-463f-9724-7c1555e7d2ad}</UniqueIdentifier>
    </Filter>
    <Filter Include="Objects">
      <UniqueIdentifier>{75f5b352-2b4e-402d-a72e-23485e2dcbd4}</UniqueIdentifier>
    </Filter>
    <Filter Include="Objects\Shapes">
      <UniqueIdentifier>{4606132f-4f2a-4509-8f28-6a8b11e170ef}</UniqueIdentifier>
    </Filter>
    <Filter Include="Camera">
      <UniqueIdentifier>{a0549334-ccc0-4a57-8611-6cd0abdb8c48}</UniqueIdentifier>
    </Filter>
    <Filter Include="Analytics">
      <UniqueIdentifier>{ee6a086e-07da-496c-a90e-77bd4645de69}</UniqueIdentifier>
    </Filter>
  </ItemGroup>
  <ItemGroup>
    <ClCompile Include="main.cpp">
      <Filter>App</Filter>
    </ClCompile>
    <ClCompile Include="PhysicsScene.cpp">
      <Filter>Scenes</Filter>
    </ClCompile>
    <ClCompile Include="Rigidbody.cpp">
      <Filter>Objects</Filter>
    </ClCompile>
    <ClCompile Include="Camera.cpp">
      <Filter>Camera</Filter>
    </ClCompile>
    <ClCompile Include="FlyCamera.cpp">
      <Filter>Camera</Filter>
    </ClCompile>
    <ClCompile Include="Box.cpp">
      <Filter>Objects\Shapes</Filter>
    </ClCompile>
    <ClCompile Include="Plane.cpp">
      <Filter>Objects\Shapes</Filter>
    </ClCompile>
    <ClCompile Include="Analytic.cpp">
      <Filter>Analytics</Filter>
    </ClCompile>
    <ClCompile Include="RocketApp.cpp">
      <Filter>App</Filter>
    </ClCompile>
    <ClCompile Include="BallsInABoxApp.cpp">
      <Filter>App</Filter>
    </ClCompile>
    <ClCompile Include="BlankApp.cpp">
      <Filter>App</Filter>
    </ClCompile>
    <ClCompile Include="SpringsApp.cpp">
      <Filter>App</Filter>
    </ClCompile>
    <ClCompile Include="Spring.cpp">
      <Filter>Objects\Shapes</Filter>
    </ClCompile>
    <ClCompile Include="Circle.cpp">
      <Filter>Objects\Shapes</Filter>
    </ClCompile>
  </ItemGroup>
  <ItemGroup>
    <ClInclude Include="PhysicsScene.h">
      <Filter>Scenes</Filter>
    </ClInclude>
    <ClInclude Include="PhysicsObject.h">
      <Filter>Objects</Filter>
    </ClInclude>
    <ClInclude Include="Rigidbody.h">
      <Filter>Objects</Filter>
    </ClInclude>
    <ClInclude Include="Camera.h">
      <Filter>Camera</Filter>
    </ClInclude>
    <ClInclude Include="FlyCamera.h">
      <Filter>Camera</Filter>
    </ClInclude>
    <ClInclude Include="Frustum.h">
      <Filter>Camera</Filter>
    </ClInclude>
    <ClInclude Include="Box.h">
      <Filter>Objects\Shapes</Filter>
    </ClInclude>
    <ClInclude Include="Plane.h">
      <Filter>Objects\Shapes</Filter>
    </ClInclude>
    <ClInclude Include="FrustumPlane.h">
      <Filter>Camera</Filter>
    </ClInclude>
    <ClInclude Include="Analytic.h">
      <Filter>Analytics</Filter>
    </ClInclude>
    <ClInclude Include="RocketApp.h">
      <Filter>App</Filter>
    </ClInclude>
    <ClInclude Include="BallsInABoxApp.h">
      <Filter>App</Filter>
    </ClInclude>
    <ClInclude Include="BlankApp.h">
      <Filter>App</Filter>
    </ClInclude>
    <ClInclude Include="SpringsApp.h">
      <Filter>App</Filter>
    </ClInclude>
    <ClInclude Include="Spring.h">
      <Filter>Objects\Shapes</Filter>
    </ClInclude>
    <ClInclude Include="Circle.h">
      <Filter>Objects\Shapes</Filter>
    </ClInclude>
  </ItemGroup>
</Project>